
Microsoft Visual Studio Solution File, Format Version 12.00
# Visual Studio Version 17
VisualStudioVersion = 17.11.35312.102
MinimumVisualStudioVersion = 10.0.40219.1
Project("{9A19103F-16F7-4668-BE54-9A1E7A4F7556}") = "AuthenticationService", "AuthenticationService\AuthenticationService.csproj", "{89956A38-CBD6-4DA4-803A-C565C6EB53BB}"
EndProject
Project("{9A19103F-16F7-4668-BE54-9A1E7A4F7556}") = "AuthenticationService.Tests", "AuthenticationService.Tests\AuthenticationService.Tests.csproj", "{1E3B0414-F1F8-4A65-BBE4-CF6515D3D2F7}"
EndProject
Project("{FAE04EC0-301F-11D3-BF4B-00C04F79EFBC}") = "MiniTest", "MiniTest\MiniTest.csproj", "{9265ABAC-363A-4CDD-91EF-DB4B9A540F1B}"
EndProject
Global
	GlobalSection(SolutionConfigurationPlatforms) = preSolution
		Debug|Any CPU = Debug|Any CPU
		Release|Any CPU = Release|Any CPU
	EndGlobalSection
	GlobalSection(ProjectConfigurationPlatforms) = postSolution
		{89956A38-CBD6-4DA4-803A-C565C6EB53BB}.Debug|Any CPU.ActiveCfg = Debug|Any CPU
		{89956A38-CBD6-4DA4-803A-C565C6EB53BB}.Debug|Any CPU.Build.0 = Debug|Any CPU
		{89956A38-CBD6-4DA4-803A-C565C6EB53BB}.Release|Any CPU.ActiveCfg = Release|Any CPU
		{89956A38-CBD6-4DA4-803A-C565C6EB53BB}.Release|Any CPU.Build.0 = Release|Any CPU
		{1E3B0414-F1F8-4A65-BBE4-CF6515D3D2F7}.Debug|Any CPU.ActiveCfg = Debug|Any CPU
		{1E3B0414-F1F8-4A65-BBE4-CF6515D3D2F7}.Debug|Any CPU.Build.0 = Debug|Any CPU
		{1E3B0414-F1F8-4A65-BBE4-CF6515D3D2F7}.Release|Any CPU.ActiveCfg = Release|Any CPU
		{1E3B0414-F1F8-4A65-BBE4-CF6515D3D2F7}.Release|Any CPU.Build.0 = Release|Any CPU
		{9265ABAC-363A-4CDD-91EF-DB4B9A540F1B}.Debug|Any CPU.ActiveCfg = Debug|Any CPU
		{9265ABAC-363A-4CDD-91EF-DB4B9A540F1B}.Debug|Any CPU.Build.0 = Debug|Any CPU
		{9265ABAC-363A-4CDD-91EF-DB4B9A540F1B}.Release|Any CPU.ActiveCfg = Release|Any CPU
		{9265ABAC-363A-4CDD-91EF-DB4B9A540F1B}.Release|Any CPU.Build.0 = Release|Any CPU
	EndGlobalSection
	GlobalSection(SolutionProperties) = preSolution
		HideSolutionNode = FALSE
	EndGlobalSection
	GlobalSection(ExtensibilityGlobals) = postSolution
		SolutionGuid = {7CB2E651-B346-446F-977A-C462A3FEBDAC}
	EndGlobalSection
EndGlobal
